// !$*UTF8*$!
{
	archiveVersion = 1;
	classes = {
	};
	objectVersion = 55;
	objects = {

/* Begin PBXBuildFile section */
		B56508A128C5E1F700B4EE92 /* RXIMSdk.framework in Frameworks */ = {isa = PBXBuildFile; fileRef = B56508A028C5E1F700B4EE92 /* RXIMSdk.framework */; };
		B5BB669028BF2B900084072E /* AppDelegate.m in Sources */ = {isa = PBXBuildFile; fileRef = B5BB668F28BF2B900084072E /* AppDelegate.m */; };
		B5BB669328BF2B900084072E /* SceneDelegate.m in Sources */ = {isa = PBXBuildFile; fileRef = B5BB669228BF2B900084072E /* SceneDelegate.m */; };
		B5BB669628BF2B900084072E /* ViewController.m in Sources */ = {isa = PBXBuildFile; fileRef = B5BB669528BF2B900084072E /* ViewController.m */; };
		B5BB669928BF2B900084072E /* Main.storyboard in Resources */ = {isa = PBXBuildFile; fileRef = B5BB669728BF2B900084072E /* Main.storyboard */; };
		B5BB669B28BF2B900084072E /* Assets.xcassets in Resources */ = {isa = PBXBuildFile; fileRef = B5BB669A28BF2B900084072E /* Assets.xcassets */; };
		B5BB669E28BF2B900084072E /* LaunchScreen.storyboard in Resources */ = {isa = PBXBuildFile; fileRef = B5BB669C28BF2B900084072E /* LaunchScreen.storyboard */; };
		B5BB66A128BF2B900084072E /* main.m in Sources */ = {isa = PBXBuildFile; fileRef = B5BB66A028BF2B900084072E /* main.m */; };
		B5BB66AE28BF2BE00084072E /* file.txt in Resources */ = {isa = PBXBuildFile; fileRef = B5BB66A828BF2BE00084072E /* file.txt */; };
		B5BB66AF28BF2BE00084072E /* video_cover.png in Resources */ = {isa = PBXBuildFile; fileRef = B5BB66A928BF2BE00084072E /* video_cover.png */; };
		B5BB66B028BF2BE00084072E /* img.png in Resources */ = {isa = PBXBuildFile; fileRef = B5BB66AA28BF2BE00084072E /* img.png */; };
		B5BB66B128BF2BE00084072E /* video.mp4 in Resources */ = {isa = PBXBuildFile; fileRef = B5BB66AB28BF2BE00084072E /* video.mp4 */; };
		B5BB66B228BF2BE00084072E /* location.png in Resources */ = {isa = PBXBuildFile; fileRef = B5BB66AC28BF2BE00084072E /* location.png */; };
		B5BB66B328BF2BE00084072E /* audio.amr in Resources */ = {isa = PBXBuildFile; fileRef = B5BB66AD28BF2BE00084072E /* audio.amr */; };
/* End PBXBuildFile section */

/* Begin PBXFileReference section */
		43250A936F03E3CEF1ABBEC6 /* Pods-RXIMSdkDemo.release.xcconfig */ = {isa = PBXFileReference; includeInIndex = 1; lastKnownFileType = text.xcconfig; name = "Pods-RXIMSdkDemo.release.xcconfig"; path = "Target Support Files/Pods-RXIMSdkDemo/Pods-RXIMSdkDemo.release.xcconfig"; sourceTree = "<group>"; };
		A97C5362A3D4C23CAA11563B /* Pods-RXIMSdkDemo.debug.xcconfig */ = {isa = PBXFileReference; includeInIndex = 1; lastKnownFileType = text.xcconfig; name = "Pods-RXIMSdkDemo.debug.xcconfig"; path = "Target Support Files/Pods-RXIMSdkDemo/Pods-RXIMSdkDemo.debug.xcconfig"; sourceTree = "<group>"; };
		B56508A028C5E1F700B4EE92 /* RXIMSdk.framework */ = {isa = PBXFileReference; lastKnownFileType = wrapper.framework; path = RXIMSdk.framework; sourceTree = "<group>"; };
		B5BB668B28BF2B900084072E /* RXIMSdkDemo.app */ = {isa = PBXFileReference; explicitFileType = wrapper.application; includeInIndex = 0; path = RXIMSdkDemo.app; sourceTree = BUILT_PRODUCTS_DIR; };
		B5BB668E28BF2B900084072E /* AppDelegate.h */ = {isa = PBXFileReference; lastKnownFileType = sourcecode.c.h; path = AppDelegate.h; sourceTree = "<group>"; };
		B5BB668F28BF2B900084072E /* AppDelegate.m */ = {isa = PBXFileReference; lastKnownFileType = sourcecode.c.objc; path = AppDelegate.m; sourceTree = "<group>"; };
		B5BB669128BF2B900084072E /* SceneDelegate.h */ = {isa = PBXFileReference; lastKnownFileType = sourcecode.c.h; path = SceneDelegate.h; sourceTree = "<group>"; };
		B5BB669228BF2B900084072E /* SceneDelegate.m */ = {isa = PBXFileReference; lastKnownFileType = sourcecode.c.objc; path = SceneDelegate.m; sourceTree = "<group>"; };
		B5BB669428BF2B900084072E /* ViewController.h */ = {isa = PBXFileReference; lastKnownFileType = sourcecode.c.h; path = ViewController.h; sourceTree = "<group>"; };
		B5BB669528BF2B900084072E /* ViewController.m */ = {isa = PBXFileReference; lastKnownFileType = sourcecode.c.objc; path = ViewController.m; sourceTree = "<group>"; };
		B5BB669828BF2B900084072E /* Base */ = {isa = PBXFileReference; lastKnownFileType = file.storyboard; name = Base; path = Base.lproj/Main.storyboard; sourceTree = "<group>"; };
		B5BB669A28BF2B900084072E /* Assets.xcassets */ = {isa = PBXFileReference; lastKnownFileType = folder.assetcatalog; path = Assets.xcassets; sourceTree = "<group>"; };
		B5BB669D28BF2B900084072E /* Base */ = {isa = PBXFileReference; lastKnownFileType = file.storyboard; name = Base; path = Base.lproj/LaunchScreen.storyboard; sourceTree = "<group>"; };
		B5BB669F28BF2B900084072E /* Info.plist */ = {isa = PBXFileReference; lastKnownFileType = text.plist.xml; path = Info.plist; sourceTree = "<group>"; };
		B5BB66A028BF2B900084072E /* main.m */ = {isa = PBXFileReference; lastKnownFileType = sourcecode.c.objc; path = main.m; sourceTree = "<group>"; };
		B5BB66A828BF2BE00084072E /* file.txt */ = {isa = PBXFileReference; fileEncoding = 4; lastKnownFileType = text; path = file.txt; sourceTree = "<group>"; };
		B5BB66A928BF2BE00084072E /* video_cover.png */ = {isa = PBXFileReference; lastKnownFileType = image.png; path = video_cover.png; sourceTree = "<group>"; };
		B5BB66AA28BF2BE00084072E /* img.png */ = {isa = PBXFileReference; lastKnownFileType = image.png; path = img.png; sourceTree = "<group>"; };
		B5BB66AB28BF2BE00084072E /* video.mp4 */ = {isa = PBXFileReference; lastKnownFileType = file; path = video.mp4; sourceTree = "<group>"; };
		B5BB66AC28BF2BE00084072E /* location.png */ = {isa = PBXFileReference; lastKnownFileType = image.png; path = location.png; sourceTree = "<group>"; };
		B5BB66AD28BF2BE00084072E /* audio.amr */ = {isa = PBXFileReference; lastKnownFileType = file; path = audio.amr; sourceTree = "<group>"; };
/* End PBXFileReference section */

/* Begin PBXFrameworksBuildPhase section */
		B5BB668828BF2B900084072E /* Frameworks */ = {
			isa = PBXFrameworksBuildPhase;
			buildActionMask = 2147483647;
			files = (
				B56508A128C5E1F700B4EE92 /* RXIMSdk.framework in Frameworks */,
			);
			runOnlyForDeploymentPostprocessing = 0;
		};
/* End PBXFrameworksBuildPhase section */

/* Begin PBXGroup section */
		64C43699263E8DFA646CD6E6 /* Pods */ = {
			isa = PBXGroup;
			children = (
				A97C5362A3D4C23CAA11563B /* Pods-RXIMSdkDemo.debug.xcconfig */,
				43250A936F03E3CEF1ABBEC6 /* Pods-RXIMSdkDemo.release.xcconfig */,
			);
			path = Pods;
			sourceTree = "<group>";
		};
		AE4586810A691F937E0DF43B /* Frameworks */ = {
			isa = PBXGroup;
			children = (
				B56508A028C5E1F700B4EE92 /* RXIMSdk.framework */,
			);
			name = Frameworks;
			sourceTree = "<group>";
		};
		B5BB668228BF2B900084072E = {
			isa = PBXGroup;
			children = (
				B5BB668D28BF2B900084072E /* RXIMSdkDemo */,
				B5BB668C28BF2B900084072E /* Products */,
				64C43699263E8DFA646CD6E6 /* Pods */,
				AE4586810A691F937E0DF43B /* Frameworks */,
			);
			sourceTree = "<group>";
		};
		B5BB668C28BF2B900084072E /* Products */ = {
			isa = PBXGroup;
			children = (
				B5BB668B28BF2B900084072E /* RXIMSdkDemo.app */,
			);
			name = Products;
			sourceTree = "<group>";
		};
		B5BB668D28BF2B900084072E /* RXIMSdkDemo */ = {
			isa = PBXGroup;
			children = (
				B5BB66A728BF2BE00084072E /* resource */,
				B5BB668E28BF2B900084072E /* AppDelegate.h */,
				B5BB668F28BF2B900084072E /* AppDelegate.m */,
				B5BB669128BF2B900084072E /* SceneDelegate.h */,
				B5BB669228BF2B900084072E /* SceneDelegate.m */,
				B5BB669428BF2B900084072E /* ViewController.h */,
				B5BB669528BF2B900084072E /* ViewController.m */,
				B5BB669728BF2B900084072E /* Main.storyboard */,
				B5BB669A28BF2B900084072E /* Assets.xcassets */,
				B5BB669C28BF2B900084072E /* LaunchScreen.storyboard */,
				B5BB669F28BF2B900084072E /* Info.plist */,
				B5BB66A028BF2B900084072E /* main.m */,
			);
			path = RXIMSdkDemo;
			sourceTree = "<group>";
		};
		B5BB66A728BF2BE00084072E /* resource */ = {
			isa = PBXGroup;
			children = (
				B5BB66A828BF2BE00084072E /* file.txt */,
				B5BB66A928BF2BE00084072E /* video_cover.png */,
				B5BB66AA28BF2BE00084072E /* img.png */,
				B5BB66AB28BF2BE00084072E /* video.mp4 */,
				B5BB66AC28BF2BE00084072E /* location.png */,
				B5BB66AD28BF2BE00084072E /* audio.amr */,
			);
			path = resource;
			sourceTree = "<group>";
		};
/* End PBXGroup section */

/* Begin PBXNativeTarget section */
		B5BB668A28BF2B900084072E /* RXIMSdkDemo */ = {
			isa = PBXNativeTarget;
			buildConfigurationList = B5BB66A428BF2B900084072E /* Build configuration list for PBXNativeTarget "RXIMSdkDemo" */;
			buildPhases = (
				0479BED923F9BFC13122ECD5 /* [CP] Check Pods Manifest.lock */,
				B5BB668728BF2B900084072E /* Sources */,
				B5BB668828BF2B900084072E /* Frameworks */,
				B5BB668928BF2B900084072E /* Resources */,
				478930EE26E9BD6E6AF12DC3 /* [CP] Embed Pods Frameworks */,
			);
			buildRules = (
			);
			dependencies = (
			);
			name = RXIMSdkDemo;
			productName = RXIMSdkDemo;
			productReference = B5BB668B28BF2B900084072E /* RXIMSdkDemo.app */;
			productType = "com.apple.product-type.application";
		};
/* End PBXNativeTarget section */

/* Begin PBXProject section */
		B5BB668328BF2B900084072E /* Project object */ = {
			isa = PBXProject;
			attributes = {
				BuildIndependentTargetsInParallel = 1;
				LastUpgradeCheck = 1340;
				TargetAttributes = {
					B5BB668A28BF2B900084072E = {
						CreatedOnToolsVersion = 13.4.1;
					};
				};
			};
			buildConfigurationList = B5BB668628BF2B900084072E /* Build configuration list for PBXProject "RXIMSdkDemo" */;
			compatibilityVersion = "Xcode 13.0";
			developmentRegion = en;
			hasScannedForEncodings = 0;
			knownRegions = (
				en,
				Base,
			);
			mainGroup = B5BB668228BF2B900084072E;
			productRefGroup = B5BB668C28BF2B900084072E /* Products */;
			projectDirPath = "";
			projectRoot = "";
			targets = (
				B5BB668A28BF2B900084072E /* RXIMSdkDemo */,
			);
		};
/* End PBXProject section */

/* Begin PBXResourcesBuildPhase section */
		B5BB668928BF2B900084072E /* Resources */ = {
			isa = PBXResourcesBuildPhase;
			buildActionMask = 2147483647;
			files = (
				B5BB66B228BF2BE00084072E /* location.png in Resources */,
				B5BB66AF28BF2BE00084072E /* video_cover.png in Resources */,
				B5BB669E28BF2B900084072E /* LaunchScreen.storyboard in Resources */,
				B5BB669B28BF2B900084072E /* Assets.xcassets in Resources */,
				B5BB66B328BF2BE00084072E /* audio.amr in Resources */,
				B5BB66B028BF2BE00084072E /* img.png in Resources */,
				B5BB66B128BF2BE00084072E /* video.mp4 in Resources */,
				B5BB66AE28BF2BE00084072E /* file.txt in Resources */,
				B5BB669928BF2B900084072E /* Main.storyboard in Resources */,
			);
			runOnlyForDeploymentPostprocessing = 0;
		};
/* End PBXResourcesBuildPhase section */

/* Begin PBXShellScriptBuildPhase section */
		0479BED923F9BFC13122ECD5 /* [CP] Check Pods Manifest.lock */ = {
			isa = PBXShellScriptBuildPhase;
			buildActionMask = 2147483647;
			files = (
			);
			inputFileListPaths = (
			);
			inputPaths = (
				"${PODS_PODFILE_DIR_PATH}/Podfile.lock",
				"${PODS_ROOT}/Manifest.lock",
			);
			name = "[CP] Check Pods Manifest.lock";
			outputFileListPaths = (
			);
			outputPaths = (
				"$(DERIVED_FILE_DIR)/Pods-RXIMSdkDemo-checkManifestLockResult.txt",
			);
			runOnlyForDeploymentPostprocessing = 0;
			shellPath = /bin/sh;
			shellScript = "diff \"${PODS_PODFILE_DIR_PATH}/Podfile.lock\" \"${PODS_ROOT}/Manifest.lock\" > /dev/null\nif [ $? != 0 ] ; then\n    # print error to STDERR\n    echo \"error: The sandbox is not in sync with the Podfile.lock. Run 'pod install' or update your CocoaPods installation.\" >&2\n    exit 1\nfi\n# This output is used by Xcode 'outputs' to avoid re-running this script phase.\necho \"SUCCESS\" > \"${SCRIPT_OUTPUT_FILE_0}\"\n";
			showEnvVarsInLog = 0;
		};
		478930EE26E9BD6E6AF12DC3 /* [CP] Embed Pods Frameworks */ = {
			isa = PBXShellScriptBuildPhase;
			buildActionMask = 2147483647;
			files = (
			);
			inputFileListPaths = (
				"${PODS_ROOT}/Target Support Files/Pods-RXIMSdkDemo/Pods-RXIMSdkDemo-frameworks-${CONFIGURATION}-input-files.xcfilelist",
			);
			name = "[CP] Embed Pods Frameworks";
			outputFileListPaths = (
				"${PODS_ROOT}/Target Support Files/Pods-RXIMSdkDemo/Pods-RXIMSdkDemo-frameworks-${CONFIGURATION}-output-files.xcfilelist",
			);
			runOnlyForDeploymentPostprocessing = 0;
			shellPath = /bin/sh;
			shellScript = "\"${PODS_ROOT}/Target Support Files/Pods-RXIMSdkDemo/Pods-RXIMSdkDemo-frameworks.sh\"\n";
			showEnvVarsInLog = 0;
		};
/* End PBXShellScriptBuildPhase section */

/* Begin PBXSourcesBuildPhase section */
		B5BB668728BF2B900084072E /* Sources */ = {
			isa = PBXSourcesBuildPhase;
			buildActionMask = 2147483647;
			files = (
				B5BB669628BF2B900084072E /* ViewController.m in Sources */,
				B5BB669028BF2B900084072E /* AppDelegate.m in Sources */,
				B5BB66A128BF2B900084072E /* main.m in Sources */,
				B5BB669328BF2B900084072E /* SceneDelegate.m in Sources */,
			);
			runOnlyForDeploymentPostprocessing = 0;
		};
/* End PBXSourcesBuildPhase section */

/* Begin PBXVariantGroup section */
		B5BB669728BF2B900084072E /* Main.storyboard */ = {
			isa = PBXVariantGroup;
			children = (
				B5BB669828BF2B900084072E /* Base */,
			);
			name = Main.storyboard;
			sourceTree = "<group>";
		};
		B5BB669C28BF2B900084072E /* LaunchScreen.storyboard */ = {
			isa = PBXVariantGroup;
			children = (
				B5BB669D28BF2B900084072E /* Base */,
			);
			name = LaunchScreen.storyboard;
			sourceTree = "<group>";
		};
/* End PBXVariantGroup section */

/* Begin XCBuildConfiguration section */
		B5BB66A228BF2B900084072E /* Debug */ = {
			isa = XCBuildConfiguration;
			buildSettings = {
				ALWAYS_SEARCH_USER_PATHS = NO;
				CLANG_ANALYZER_NONNULL = YES;
				CLANG_ANALYZER_NUMBER_OBJECT_CONVERSION = YES_AGGRESSIVE;
				CLANG_CXX_LANGUAGE_STANDARD = "gnu++17";
				CLANG_ENABLE_MODULES = YES;
				CLANG_ENABLE_OBJC_ARC = YES;
				CLANG_ENABLE_OBJC_WEAK = YES;
				CLANG_WARN_BLOCK_CAPTURE_AUTORELEASING = YES;
				CLANG_WARN_BOOL_CONVERSION = YES;
				CLANG_WARN_COMMA = YES;
				CLANG_WARN_CONSTANT_CONVERSION = YES;
				CLANG_WARN_DEPRECATED_OBJC_IMPLEMENTATIONS = YES;
				CLANG_WARN_DIRECT_OBJC_ISA_USAGE = YES_ERROR;
				CLANG_WARN_DOCUMENTATION_COMMENTS = YES;
				CLANG_WARN_EMPTY_BODY = YES;
				CLANG_WARN_ENUM_CONVERSION = YES;
				CLANG_WARN_INFINITE_RECURSION = YES;
				CLANG_WARN_INT_CONVERSION = YES;
				CLANG_WARN_NON_LITERAL_NULL_CONVERSION = YES;
				CLANG_WARN_OBJC_IMPLICIT_RETAIN_SELF = YES;
				CLANG_WARN_OBJC_LITERAL_CONVERSION = YES;
				CLANG_WARN_OBJC_ROOT_CLASS = YES_ERROR;
				CLANG_WARN_QUOTED_INCLUDE_IN_FRAMEWORK_HEADER = YES;
				CLANG_WARN_RANGE_LOOP_ANALYSIS = YES;
				CLANG_WARN_STRICT_PROTOTYPES = YES;
				CLANG_WARN_SUSPICIOUS_MOVE = YES;
				CLANG_WARN_UNGUARDED_AVAILABILITY = YES_AGGRESSIVE;
				CLANG_WARN_UNREACHABLE_CODE = YES;
				CLANG_WARN__DUPLICATE_METHOD_MATCH = YES;
				COPY_PHASE_STRIP = NO;
				DEBUG_INFORMATION_FORMAT = dwarf;
				ENABLE_STRICT_OBJC_MSGSEND = YES;
				ENABLE_TESTABILITY = YES;
				GCC_C_LANGUAGE_STANDARD = gnu11;
				GCC_DYNAMIC_NO_PIC = NO;
				GCC_NO_COMMON_BLOCKS = YES;
				GCC_OPTIMIZATION_LEVEL = 0;
				GCC_PREPROCESSOR_DEFINITIONS = (
					"DEBUG=1",
					"$(inherited)",
				);
				GCC_WARN_64_TO_32_BIT_CONVERSION = YES;
				GCC_WARN_ABOUT_RETURN_TYPE = YES_ERROR;
				GCC_WARN_UNDECLARED_SELECTOR = YES;
				GCC_WARN_UNINITIALIZED_AUTOS = YES_AGGRESSIVE;
				GCC_WARN_UNUSED_FUNCTION = YES;
				GCC_WARN_UNUSED_VARIABLE = YES;
				IPHONEOS_DEPLOYMENT_TARGET = 15.5;
				MTL_ENABLE_DEBUG_INFO = INCLUDE_SOURCE;
				MTL_FAST_MATH = YES;
				ONLY_ACTIVE_ARCH = YES;
				SDKROOT = iphoneos;
			};
			name = Debug;
		};
		B5BB66A328BF2B900084072E /* Release */ = {
			isa = XCBuildConfiguration;
			buildSettings = {
				ALWAYS_SEARCH_USER_PATHS = NO;
				CLANG_ANALYZER_NONNULL = YES;
				CLANG_ANALYZER_NUMBER_OBJECT_CONVERSION = YES_AGGRESSIVE;
				CLANG_CXX_LANGUAGE_STANDARD = "gnu++17";
				CLANG_ENABLE_MODULES = YES;
				CLANG_ENABLE_OBJC_ARC = YES;
				CLANG_ENABLE_OBJC_WEAK = YES;
				CLANG_WARN_BLOCK_CAPTURE_AUTORELEASING = YES;
				CLANG_WARN_BOOL_CONVERSION = YES;
				CLANG_WARN_COMMA = YES;
				CLANG_WARN_CONSTANT_CONVERSION = YES;
				CLANG_WARN_DEPRECATED_OBJC_IMPLEMENTATIONS = YES;
				CLANG_WARN_DIRECT_OBJC_ISA_USAGE = YES_ERROR;
				CLANG_WARN_DOCUMENTATION_COMMENTS = YES;
				CLANG_WARN_EMPTY_BODY = YES;
				CLANG_WARN_ENUM_CONVERSION = YES;
				CLANG_WARN_INFINITE_RECURSION = YES;
				CLANG_WARN_INT_CONVERSION = YES;
				CLANG_WARN_NON_LITERAL_NULL_CONVERSION = YES;
				CLANG_WARN_OBJC_IMPLICIT_RETAIN_SELF = YES;
				CLANG_WARN_OBJC_LITERAL_CONVERSION = YES;
				CLANG_WARN_OBJC_ROOT_CLASS = YES_ERROR;
				CLANG_WARN_QUOTED_INCLUDE_IN_FRAMEWORK_HEADER = YES;
				CLANG_WARN_RANGE_LOOP_ANALYSIS = YES;
				CLANG_WARN_STRICT_PROTOTYPES = YES;
				CLANG_WARN_SUSPICIOUS_MOVE = YES;
				CLANG_WARN_UNGUARDED_AVAILABILITY = YES_AGGRESSIVE;
				CLANG_WARN_UNREACHABLE_CODE = YES;
				CLANG_WARN__DUPLICATE_METHOD_MATCH = YES;
				COPY_PHASE_STRIP = NO;
				DEBUG_INFORMATION_FORMAT = "dwarf-with-dsym";
				ENABLE_NS_ASSERTIONS = NO;
				ENABLE_STRICT_OBJC_MSGSEND = YES;
				GCC_C_LANGUAGE_STANDARD = gnu11;
				GCC_NO_COMMON_BLOCKS = YES;
				GCC_WARN_64_TO_32_BIT_CONVERSION = YES;
				GCC_WARN_ABOUT_RETURN_TYPE = YES_ERROR;
				GCC_WARN_UNDECLARED_SELECTOR = YES;
				GCC_WARN_UNINITIALIZED_AUTOS = YES_AGGRESSIVE;
				GCC_WARN_UNUSED_FUNCTION = YES;
				GCC_WARN_UNUSED_VARIABLE = YES;
				IPHONEOS_DEPLOYMENT_TARGET = 15.5;
				MTL_ENABLE_DEBUG_INFO = NO;
				MTL_FAST_MATH = YES;
				SDKROOT = iphoneos;
				VALIDATE_PRODUCT = YES;
			};
			name = Release;
		};
		B5BB66A528BF2B900084072E /* Debug */ = {
			isa = XCBuildConfiguration;
			baseConfigurationReference = A97C5362A3D4C23CAA11563B /* Pods-RXIMSdkDemo.debug.xcconfig */;
			buildSettings = {
				ASSETCATALOG_COMPILER_APPICON_NAME = AppIcon;
				ASSETCATALOG_COMPILER_GLOBAL_ACCENT_COLOR_NAME = AccentColor;
				CODE_SIGN_STYLE = Automatic;
				CURRENT_PROJECT_VERSION = 1;
				DEVELOPMENT_TEAM = W6R94596BT;
				ENABLE_BITCODE = NO;
				"EXCLUDED_ARCHS[sdk=iphonesimulator*]" = arm64;
				FRAMEWORK_SEARCH_PATHS = (
					"$(inherited)",
					"$(PROJECT_DIR)",
				);
				GENERATE_INFOPLIST_FILE = YES;
				INFOPLIST_FILE = RXIMSdkDemo/Info.plist;
				INFOPLIST_KEY_UIApplicationSupportsIndirectInputEvents = YES;
				INFOPLIST_KEY_UILaunchStoryboardName = LaunchScreen;
				INFOPLIST_KEY_UIMainStoryboardFile = Main;
				INFOPLIST_KEY_UISupportedInterfaceOrientations_iPad = "UIInterfaceOrientationPortrait UIInterfaceOrientationPortraitUpsideDown UIInterfaceOrientationLandscapeLeft UIInterfaceOrientationLandscapeRight";
				INFOPLIST_KEY_UISupportedInterfaceOrientations_iPhone = "UIInterfaceOrientationPortrait UIInterfaceOrientationLandscapeLeft UIInterfaceOrientationLandscapeRight";
				IPHONEOS_DEPLOYMENT_TARGET = 12.0;
				LD_RUNPATH_SEARCH_PATHS = (
					"$(inherited)",
					"@executable_path/Frameworks",
				);
				MARKETING_VERSION = 1.0;
				PRODUCT_BUNDLE_IDENTIFIER = com.RXIMSdkDemo.RXIMSdkDemo;
				PRODUCT_NAME = "$(TARGET_NAME)";
				SWIFT_EMIT_LOC_STRINGS = YES;
				TARGETED_DEVICE_FAMILY = "1,2";
			};
			name = Debug;
		};
		B5BB66A628BF2B900084072E /* Release */ = {
			isa = XCBuildConfiguration;
			baseConfigurationReference = 43250A936F03E3CEF1ABBEC6 /* Pods-RXIMSdkDemo.release.xcconfig */;
			buildSettings = {
				ASSETCATALOG_COMPILER_APPICON_NAME = AppIcon;
				ASSETCATALOG_COMPILER_GLOBAL_ACCENT_COLOR_NAME = AccentColor;
				CODE_SIGN_STYLE = Automatic;
				CURRENT_PROJECT_VERSION = 1;
				DEVELOPMENT_TEAM = W6R94596BT;
				ENABLE_BITCODE = NO;
				FRAMEWORK_SEARCH_PATHS = (
					"$(inherited)",
					"$(PROJECT_DIR)",
				);
				GENERATE_INFOPLIST_FILE = YES;
				INFOPLIST_FILE = RXIMSdkDemo/Info.plist;
				INFOPLIST_KEY_UIApplicationSupportsIndirectInputEvents = YES;
				INFOPLIST_KEY_UILaunchStoryboardName = LaunchScreen;
				INFOPLIST_KEY_UIMainStoryboardFile = Main;
				INFOPLIST_KEY_UISupportedInterfaceOrientations_iPad = "UIInterfaceOrientationPortrait UIInterfaceOrientationPortraitUpsideDown UIInterfaceOrientationLandscapeLeft UIInterfaceOrientationLandscapeRight";
				INFOPLIST_KEY_UISupportedInterfaceOrientations_iPhone = "UIInterfaceOrientationPortrait UIInterfaceOrientationLandscapeLeft UIInterfaceOrientationLandscapeRight";
				IPHONEOS_DEPLOYMENT_TARGET = 12.0;
				LD_RUNPATH_SEARCH_PATHS = (
					"$(inherited)",
					"@executable_path/Frameworks",
				);
				MARKETING_VERSION = 1.0;
				PRODUCT_BUNDLE_IDENTIFIER = com.RXIMSdkDemo.RXIMSdkDemo;
				PRODUCT_NAME = "$(TARGET_NAME)";
				SWIFT_EMIT_LOC_STRINGS = YES;
				TARGETED_DEVICE_FAMILY = "1,2";
			};
			name = Release;
		};
/* End XCBuildConfiguration section */

/* Begin XCConfigurationList section */
		B5BB668628BF2B900084072E /* Build configuration list for PBXProject "RXIMSdkDemo" */ = {
			isa = XCConfigurationList;
			buildConfigurations = (
				B5BB66A228BF2B900084072E /* Debug */,
				B5BB66A328BF2B900084072E /* Release */,
			);
			defaultConfigurationIsVisible = 0;
			defaultConfigurationName = Release;
		};
		B5BB66A428BF2B900084072E /* Build configuration list for PBXNativeTarget "RXIMSdkDemo" */ = {
			isa = XCConfigurationList;
			buildConfigurations = (
				B5BB66A528BF2B900084072E /* Debug */,
				B5BB66A628BF2B900084072E /* Release */,
			);
			defaultConfigurationIsVisible = 0;
			defaultConfigurationName = Release;
		};
/* End XCConfigurationList section */
	};
	rootObject = B5BB668328BF2B900084072E /* Project object */;
}
